
Microsoft Visual Studio Solution File, Format Version 12.00
# Visual Studio Version 16
VisualStudioVersion = 16.0.30907.101
MinimumVisualStudioVersion = 10.0.40219.1
Project("{FAE04EC0-301F-11D3-BF4B-00C04F79EFBC}") = "MyFavoriteThings", "MyFavoriteThings\MyFavoriteThings.csproj", "{C19E100A-5BFB-415E-BA9A-2C5EC4E670E7}"
EndProject
Global
	GlobalSection(SolutionConfigurationPlatforms) = preSolution
		Debug|Any CPU = Debug|Any CPU
		Release|Any CPU = Release|Any CPU
	EndGlobalSection
	GlobalSection(ProjectConfigurationPlatforms) = postSolution
		{C19E100A-5BFB-415E-BA9A-2C5EC4E670E7}.Debug|Any CPU.ActiveCfg = Debug|Any CPU
		{C19E100A-5BFB-415E-BA9A-2C5EC4E670E7}.Debug|Any CPU.Build.0 = Debug|Any CPU
		{C19E100A-5BFB-415E-BA9A-2C5EC4E670E7}.Release|Any CPU.ActiveCfg = Release|Any CPU
		{C19E100A-5BFB-415E-BA9A-2C5EC4E670E7}.Release|Any CPU.Build.0 = Release|Any CPU
	EndGlobalSection
	GlobalSection(SolutionProperties) = preSolution
		HideSolutionNode = FALSE
	EndGlobalSection
	GlobalSection(ExtensibilityGlobals) = postSolution
		SolutionGuid = {B06D549A-91F0-45FC-9E1F-170FEC9BCF14}
	EndGlobalSection
EndGlobal
